// !$*UTF8*$!
{
	archiveVersion = 1;
	classes = {
	};
	objectVersion = 46;
	objects = {

/* Begin PBXBuildFile section */
		8A0B4E8C1C71E26900FC2340 /* main.m in Sources */ = {isa = PBXBuildFile; fileRef = 8A0B4E8B1C71E26900FC2340 /* main.m */; };
		8A0B4E8F1C71E26900FC2340 /* AppDelegate.m in Sources */ = {isa = PBXBuildFile; fileRef = 8A0B4E8E1C71E26900FC2340 /* AppDelegate.m */; };
		8A0B4E921C71E26900FC2340 /* ViewController.m in Sources */ = {isa = PBXBuildFile; fileRef = 8A0B4E911C71E26900FC2340 /* ViewController.m */; };
		8A0B4E951C71E26900FC2340 /* Main.storyboard in Resources */ = {isa = PBXBuildFile; fileRef = 8A0B4E931C71E26900FC2340 /* Main.storyboard */; };
		8A0B4E971C71E26900FC2340 /* Assets.xcassets in Resources */ = {isa = PBXBuildFile; fileRef = 8A0B4E961C71E26900FC2340 /* Assets.xcassets */; };
		8A0B4E9A1C71E26900FC2340 /* LaunchScreen.storyboard in Resources */ = {isa = PBXBuildFile; fileRef = 8A0B4E981C71E26900FC2340 /* LaunchScreen.storyboard */; };
		8A0B4EA31C71E28100FC2340 /* HorizontalTableView.m in Sources */ = {isa = PBXBuildFile; fileRef = 8A0B4EA21C71E28100FC2340 /* HorizontalTableView.m */; };
/* End PBXBuildFile section */

/* Begin PBXFileReference section */
		8A0B4E871C71E26900FC2340 /* crave-ios-interview.app */ = {isa = PBXFileReference; explicitFileType = wrapper.application; includeInIndex = 0; path = "crave-ios-interview.app"; sourceTree = BUILT_PRODUCTS_DIR; };
		8A0B4E8B1C71E26900FC2340 /* main.m */ = {isa = PBXFileReference; lastKnownFileType = sourcecode.c.objc; path = main.m; sourceTree = "<group>"; };
		8A0B4E8D1C71E26900FC2340 /* AppDelegate.h */ = {isa = PBXFileReference; lastKnownFileType = sourcecode.c.h; path = AppDelegate.h; sourceTree = "<group>"; };
		8A0B4E8E1C71E26900FC2340 /* AppDelegate.m */ = {isa = PBXFileReference; lastKnownFileType = sourcecode.c.objc; path = AppDelegate.m; sourceTree = "<group>"; };
		8A0B4E901C71E26900FC2340 /* ViewController.h */ = {isa = PBXFileReference; lastKnownFileType = sourcecode.c.h; path = ViewController.h; sourceTree = "<group>"; };
		8A0B4E911C71E26900FC2340 /* ViewController.m */ = {isa = PBXFileReference; lastKnownFileType = sourcecode.c.objc; path = ViewController.m; sourceTree = "<group>"; };
		8A0B4E941C71E26900FC2340 /* Base */ = {isa = PBXFileReference; lastKnownFileType = file.storyboard; name = Base; path = Base.lproj/Main.storyboard; sourceTree = "<group>"; };
		8A0B4E961C71E26900FC2340 /* Assets.xcassets */ = {isa = PBXFileReference; lastKnownFileType = folder.assetcatalog; path = Assets.xcassets; sourceTree = "<group>"; };
		8A0B4E991C71E26900FC2340 /* Base */ = {isa = PBXFileReference; lastKnownFileType = file.storyboard; name = Base; path = Base.lproj/LaunchScreen.storyboard; sourceTree = "<group>"; };
		8A0B4E9B1C71E26900FC2340 /* Info.plist */ = {isa = PBXFileReference; lastKnownFileType = text.plist.xml; path = Info.plist; sourceTree = "<group>"; };
		8A0B4EA11C71E28100FC2340 /* HorizontalTableView.h */ = {isa = PBXFileReference; fileEncoding = 4; lastKnownFileType = sourcecode.c.h; path = HorizontalTableView.h; sourceTree = "<group>"; };
		8A0B4EA21C71E28100FC2340 /* HorizontalTableView.m */ = {isa = PBXFileReference; fileEncoding = 4; lastKnownFileType = sourcecode.c.objc; path = HorizontalTableView.m; sourceTree = "<group>"; };
/* End PBXFileReference section */

/* Begin PBXFrameworksBuildPhase section */
		8A0B4E841C71E26900FC2340 /* Frameworks */ = {
			isa = PBXFrameworksBuildPhase;
			buildActionMask = 2147483647;
			files = (
			);
			runOnlyForDeploymentPostprocessing = 0;
		};
/* End PBXFrameworksBuildPhase section */

/* Begin PBXGroup section */
		8A0B4E7E1C71E26900FC2340 = {
			isa = PBXGroup;
			children = (
				8A0B4E891C71E26900FC2340 /* crave-ios-interview */,
				8A0B4E881C71E26900FC2340 /* Products */,
			);
			sourceTree = "<group>";
		};
		8A0B4E881C71E26900FC2340 /* Products */ = {
			isa = PBXGroup;
			children = (
				8A0B4E871C71E26900FC2340 /* crave-ios-interview.app */,
			);
			name = Products;
			sourceTree = "<group>";
		};
		8A0B4E891C71E26900FC2340 /* crave-ios-interview */ = {
			isa = PBXGroup;
			children = (
				8A0B4E8D1C71E26900FC2340 /* AppDelegate.h */,
				8A0B4E8E1C71E26900FC2340 /* AppDelegate.m */,
				8A0B4EA11C71E28100FC2340 /* HorizontalTableView.h */,
				8A0B4EA21C71E28100FC2340 /* HorizontalTableView.m */,
				8A0B4E901C71E26900FC2340 /* ViewController.h */,
				8A0B4E911C71E26900FC2340 /* ViewController.m */,
				8A0B4E931C71E26900FC2340 /* Main.storyboard */,
				8A0B4E961C71E26900FC2340 /* Assets.xcassets */,
				8A0B4E981C71E26900FC2340 /* LaunchScreen.storyboard */,
				8A0B4E9B1C71E26900FC2340 /* Info.plist */,
				8A0B4E8A1C71E26900FC2340 /* Supporting Files */,
			);
			path = "crave-ios-interview";
			sourceTree = "<group>";
		};
		8A0B4E8A1C71E26900FC2340 /* Supporting Files */ = {
			isa = PBXGroup;
			children = (
				8A0B4E8B1C71E26900FC2340 /* main.m */,
			);
			name = "Supporting Files";
			sourceTree = "<group>";
		};
/* End PBXGroup section */

/* Begin PBXNativeTarget section */
		8A0B4E861C71E26900FC2340 /* crave-ios-interview */ = {
			isa = PBXNativeTarget;
			buildConfigurationList = 8A0B4E9E1C71E26900FC2340 /* Build configuration list for PBXNativeTarget "crave-ios-interview" */;
			buildPhases = (
				8A0B4E831C71E26900FC2340 /* Sources */,
				8A0B4E841C71E26900FC2340 /* Frameworks */,
				8A0B4E851C71E26900FC2340 /* Resources */,
			);
			buildRules = (
			);
			dependencies = (
			);
			name = "crave-ios-interview";
			productName = "crave-ios-interview";
			productReference = 8A0B4E871C71E26900FC2340 /* crave-ios-interview.app */;
			productType = "com.apple.product-type.application";
		};
/* End PBXNativeTarget section */

/* Begin PBXProject section */
		8A0B4E7F1C71E26900FC2340 /* Project object */ = {
			isa = PBXProject;
			attributes = {
				LastUpgradeCheck = 0720;
				ORGANIZATIONNAME = "Ishay Weinstock";
				TargetAttributes = {
					8A0B4E861C71E26900FC2340 = {
						CreatedOnToolsVersion = 7.2;
					};
				};
			};
			buildConfigurationList = 8A0B4E821C71E26900FC2340 /* Build configuration list for PBXProject "crave-ios-interview" */;
			compatibilityVersion = "Xcode 3.2";
			developmentRegion = English;
			hasScannedForEncodings = 0;
			knownRegions = (
				en,
				Base,
			);
			mainGroup = 8A0B4E7E1C71E26900FC2340;
			productRefGroup = 8A0B4E881C71E26900FC2340 /* Products */;
			projectDirPath = "";
			projectRoot = "";
			targets = (
				8A0B4E861C71E26900FC2340 /* crave-ios-interview */,
			);
		};
/* End PBXProject section */

/* Begin PBXResourcesBuildPhase section */
		8A0B4E851C71E26900FC2340 /* Resources */ = {
			isa = PBXResourcesBuildPhase;
			buildActionMask = 2147483647;
			files = (
				8A0B4E9A1C71E26900FC2340 /* LaunchScreen.storyboard in Resources */,
				8A0B4E971C71E26900FC2340 /* Assets.xcassets in Resources */,
				8A0B4E951C71E26900FC2340 /* Main.storyboard in Resources */,
			);
			runOnlyForDeploymentPostprocessing = 0;
		};
/* End PBXResourcesBuildPhase section */

/* Begin PBXSourcesBuildPhase section */
		8A0B4E831C71E26900FC2340 /* Sources */ = {
			isa = PBXSourcesBuildPhase;
			buildActionMask = 2147483647;
			files = (
				8A0B4E921C71E26900FC2340 /* ViewController.m in Sources */,
				8A0B4EA31C71E28100FC2340 /* HorizontalTableView.m in Sources */,
				8A0B4E8F1C71E26900FC2340 /* AppDelegate.m in Sources */,
				8A0B4E8C1C71E26900FC2340 /* main.m in Sources */,
			);
			runOnlyForDeploymentPostprocessing = 0;
		};
/* End PBXSourcesBuildPhase section */

/* Begin PBXVariantGroup section */
		8A0B4E931C71E26900FC2340 /* Main.storyboard */ = {
			isa = PBXVariantGroup;
			children = (
				8A0B4E941C71E26900FC2340 /* Base */,
			);
			name = Main.storyboard;
			sourceTree = "<group>";
		};
		8A0B4E981C71E26900FC2340 /* LaunchScreen.storyboard */ = {
			isa = PBXVariantGroup;
			children = (
				8A0B4E991C71E26900FC2340 /* Base */,
			);
			name = LaunchScreen.storyboard;
			sourceTree = "<group>";
		};
/* End PBXVariantGroup section */

/* Begin XCBuildConfiguration section */
		8A0B4E9C1C71E26900FC2340 /* Debug */ = {
			isa = XCBuildConfiguration;
			buildSettings = {
				ALWAYS_SEARCH_USER_PATHS = NO;
				CLANG_CXX_LANGUAGE_STANDARD = "gnu++0x";
				CLANG_CXX_LIBRARY = "libc++";
				CLANG_ENABLE_MODULES = YES;
				CLANG_ENABLE_OBJC_ARC = YES;
				CLANG_WARN_BOOL_CONVERSION = YES;
				CLANG_WARN_CONSTANT_CONVERSION = YES;
				CLANG_WARN_DIRECT_OBJC_ISA_USAGE = YES_ERROR;
				CLANG_WARN_EMPTY_BODY = YES;
				CLANG_WARN_ENUM_CONVERSION = YES;
				CLANG_WARN_INT_CONVERSION = YES;
				CLANG_WARN_OBJC_ROOT_CLASS = YES_ERROR;
				CLANG_WARN_UNREACHABLE_CODE = YES;
				CLANG_WARN__DUPLICATE_METHOD_MATCH = YES;
				"CODE_SIGN_IDENTITY[sdk=iphoneos*]" = "iPhone Developer";
				COPY_PHASE_STRIP = NO;
				DEBUG_INFORMATION_FORMAT = dwarf;
				ENABLE_STRICT_OBJC_MSGSEND = YES;
				ENABLE_TESTABILITY = YES;
				GCC_C_LANGUAGE_STANDARD = gnu99;
				GCC_DYNAMIC_NO_PIC = NO;
				GCC_NO_COMMON_BLOCKS = YES;
				GCC_OPTIMIZATION_LEVEL = 0;
				GCC_PREPROCESSOR_DEFINITIONS = (
					"DEBUG=1",
					"$(inherited)",
				);
				GCC_WARN_64_TO_32_BIT_CONVERSION = YES;
				GCC_WARN_ABOUT_RETURN_TYPE = YES_ERROR;
				GCC_WARN_UNDECLARED_SELECTOR = YES;
				GCC_WARN_UNINITIALIZED_AUTOS = YES_AGGRESSIVE;
				GCC_WARN_UNUSED_FUNCTION = YES;
				GCC_WARN_UNUSED_VARIABLE = YES;
				IPHONEOS_DEPLOYMENT_TARGET = 9.2;
				MTL_ENABLE_DEBUG_INFO = YES;
				ONLY_ACTIVE_ARCH = YES;
				SDKROOT = iphoneos;
				TARGETED_DEVICE_FAMILY = "1,2";
			};
			name = Debug;
		};
		8A0B4E9D1C71E26900FC2340 /* Release */ = {
			isa = XCBuildConfiguration;
			buildSettings = {
				ALWAYS_SEARCH_USER_PATHS = NO;
				CLANG_CXX_LANGUAGE_STANDARD = "gnu++0x";
				CLANG_CXX_LIBRARY = "libc++";
				CLANG_ENABLE_MODULES = YES;
				CLANG_ENABLE_OBJC_ARC = YES;
				CLANG_WARN_BOOL_CONVERSION = YES;
				CLANG_WARN_CONSTANT_CONVERSION = YES;
				CLANG_WARN_DIRECT_OBJC_ISA_USAGE = YES_ERROR;
				CLANG_WARN_EMPTY_BODY = YES;
				CLANG_WARN_ENUM_CONVERSION = YES;
				CLANG_WARN_INT_CONVERSION = YES;
				CLANG_WARN_OBJC_ROOT_CLASS = YES_ERROR;
				CLANG_WARN_UNREACHABLE_CODE = YES;
				CLANG_WARN__DUPLICATE_METHOD_MATCH = YES;
				"CODE_SIGN_IDENTITY[sdk=iphoneos*]" = "iPhone Developer";
				COPY_PHASE_STRIP = NO;
				DEBUG_INFORMATION_FORMAT = "dwarf-with-dsym";
				ENABLE_NS_ASSERTIONS = NO;
				ENABLE_STRICT_OBJC_MSGSEND = YES;
				GCC_C_LANGUAGE_STANDARD = gnu99;
				GCC_NO_COMMON_BLOCKS = YES;
				GCC_WARN_64_TO_32_BIT_CONVERSION = YES;
				GCC_WARN_ABOUT_RETURN_TYPE = YES_ERROR;
				GCC_WARN_UNDECLARED_SELECTOR = YES;
				GCC_WARN_UNINITIALIZED_AUTOS = YES_AGGRESSIVE;
				GCC_WARN_UNUSED_FUNCTION = YES;
				GCC_WARN_UNUSED_VARIABLE = YES;
				IPHONEOS_DEPLOYMENT_TARGET = 9.2;
				MTL_ENABLE_DEBUG_INFO = NO;
				SDKROOT = iphoneos;
				TARGETED_DEVICE_FAMILY = "1,2";
				VALIDATE_PRODUCT = YES;
			};
			name = Release;
		};
		8A0B4E9F1C71E26900FC2340 /* Debug */ = {
			isa = XCBuildConfiguration;
			buildSettings = {
				ASSETCATALOG_COMPILER_APPICON_NAME = AppIcon;
				INFOPLIST_FILE = "crave-ios-interview/Info.plist";
				LD_RUNPATH_SEARCH_PATHS = "$(inherited) @executable_path/Frameworks";
				PRODUCT_BUNDLE_IDENTIFIER = "com.vodio.crave-ios-interview";
				PRODUCT_NAME = "$(TARGET_NAME)";
			};
			name = Debug;
		};
		8A0B4EA01C71E26900FC2340 /* Release */ = {
			isa = XCBuildConfiguration;
			buildSettings = {
				ASSETCATALOG_COMPILER_APPICON_NAME = AppIcon;
				INFOPLIST_FILE = "crave-ios-interview/Info.plist";
				LD_RUNPATH_SEARCH_PATHS = "$(inherited) @executable_path/Frameworks";
				PRODUCT_BUNDLE_IDENTIFIER = "com.vodio.crave-ios-interview";
				PRODUCT_NAME = "$(TARGET_NAME)";
			};
			name = Release;
		};
/* End XCBuildConfiguration section */

/* Begin XCConfigurationList section */
		8A0B4E821C71E26900FC2340 /* Build configuration list for PBXProject "crave-ios-interview" */ = {
			isa = XCConfigurationList;
			buildConfigurations = (
				8A0B4E9C1C71E26900FC2340 /* Debug */,
				8A0B4E9D1C71E26900FC2340 /* Release */,
			);
			defaultConfigurationIsVisible = 0;
			defaultConfigurationName = Release;
		};
		8A0B4E9E1C71E26900FC2340 /* Build configuration list for PBXNativeTarget "crave-ios-interview" */ = {
			isa = XCConfigurationList;
			buildConfigurations = (
				8A0B4E9F1C71E26900FC2340 /* Debug */,
				8A0B4EA01C71E26900FC2340 /* Release */,
			);
			defaultConfigurationIsVisible = 0;
		};
/* End XCConfigurationList section */
	};
	rootObject = 8A0B4E7F1C71E26900FC2340 /* Project object */;
}
